# THIS IS AN AUTOGENERATED FILE. DO NOT EDIT THIS FILE DIRECTLY.
# yarn lockfile v1


"true-myth@2.2.6":
  version "2.2.6"
  resolved "https://registry.yarnpkg.com/true-myth/-/true-myth-2.2.6.tgz#99fed7dd11c406547a9933b16664f312a13da716"
  integrity sha512-IUkLBvKqKYH7dgZ3vP4wtDFM44uU/OQVovcJle6XSfTO7uTjPqMf34LsEIBpqU8lwMevMhiJ6mapSI8yG+mmKw==

typescript@^3.4.0-dev.20190216:
  version "3.4.0-dev.20190216"
  resolved "https://registry.yarnpkg.com/typescript/-/typescript-3.4.0-dev.20190216.tgz#b1e4596850af8d6289fdafeb2f56d32e597ee418"
  integrity sha512-46/6VqUDONOFriBe/u7aSPon6xF0sBsRWCkE9Ue/vF8ssrligDaW9Cs5YLQ5gv6rgsHJ8IX0HwugcH6hTpCReg==
